Microsoft Visual Studio Solution File, Format Version 7.00
Project("{8BC9CEB8-8B4A-11D0-8D11-00A0C91BC942}") = "xboxdemo", "xboxdemo.vcproj", "{C1C27299-3AEC-4E22-A331-B58FE61EC912}"
EndProject
Global
	GlobalSection(SolutionConfiguration) = preSolution
		ConfigName.0 = Debug
		ConfigName.1 = Profile
		ConfigName.2 = Profile_FastCap
		ConfigName.3 = Release
		ConfigName.4 = Release_LTCG
	EndGlobalSection
	GlobalSection(ProjectDependencies) = postSolution
	EndGlobalSection
	GlobalSection(ProjectConfiguration) = postSolution
		{C1C27299-3AEC-4E22-A331-B58FE61EC912}.Debug.ActiveCfg = Debug|Xbox
		{C1C27299-3AEC-4E22-A331-B58FE61EC912}.Debug.Build.0 = Debug|Xbox
		{C1C27299-3AEC-4E22-A331-B58FE61EC912}.Profile.ActiveCfg = Profile|Xbox
		{C1C27299-3AEC-4E22-A331-B58FE61EC912}.Profile.Build.0 = Profile|Xbox
		{C1C27299-3AEC-4E22-A331-B58FE61EC912}.Profile_FastCap.ActiveCfg = Profile_FastCap|Xbox
		{C1C27299-3AEC-4E22-A331-B58FE61EC912}.Profile_FastCap.Build.0 = Profile_FastCap|Xbox
		{C1C27299-3AEC-4E22-A331-B58FE61EC912}.Release.ActiveCfg = Release|Xbox
		{C1C27299-3AEC-4E22-A331-B58FE61EC912}.Release.Build.0 = Release|Xbox
		{C1C27299-3AEC-4E22-A331-B58FE61EC912}.Release_LTCG.ActiveCfg = Release_LTCG|Xbox
		{C1C27299-3AEC-4E22-A331-B58FE61EC912}.Release_LTCG.Build.0 = Release_LTCG|Xbox
	EndGlobalSection
	GlobalSection(ExtensibilityGlobals) = postSolution
	EndGlobalSection
	GlobalSection(ExtensibilityAddIns) = postSolution
	EndGlobalSection
EndGlobal
